
Microsoft Visual Studio Solution File, Format Version 11.00
# Visual Studio 2010
Project("{FAE04EC0-301F-11D3-BF4B-00C04F79EFBC}") = "NodeCommunicator", "NodeCommunicator.csproj", "{3BA2DE1D-79F4-418A-A15B-49DCB7326B06}"
	ProjectSection(ProjectDependencies) = postProject
		{0207A18A-6BC1-490B-B010-7A3DA3178890} = {0207A18A-6BC1-490B-B010-7A3DA3178890}
	EndProjectSection
EndProject
Project("{FAE04EC0-301F-11D3-BF4B-00C04F79EFBC}") = "SocketIOClient", "SocketIO\SocketIOClient.csproj", "{352C9BC1-F74C-4741-A09D-7227BC60C057}"
EndProject
Project("{FAE04EC0-301F-11D3-BF4B-00C04F79EFBC}") = "SharpNeatLib", "..\ESHyperneat\SharpNeatLib\SharpNeatLib.csproj", "{3A64602B-C5E0-4CB7-99B0-1FC6ABB4449A}"
EndProject
Project("{FAE04EC0-301F-11D3-BF4B-00C04F79EFBC}") = "IntervalTreeLib", "..\ESHyperneat\IntervalTreeLib\IntervalTreeLib.csproj", "{0207A18A-6BC1-490B-B010-7A3DA3178890}"
EndProject
Project("{FAE04EC0-301F-11D3-BF4B-00C04F79EFBC}") = "Accord.Math", "..\Libraries\Accord.Math\Accord.Math.csproj", "{F718E9A8-DB62-4785-8C49-4333A60D256A}"
EndProject
Project("{FAE04EC0-301F-11D3-BF4B-00C04F79EFBC}") = "Accord.Statistics", "..\Libraries\Accord.Statistics\Accord.Statistics.csproj", "{FD8101DD-C95D-42D6-AD44-AE01C25F2811}"
EndProject
Project("{FAE04EC0-301F-11D3-BF4B-00C04F79EFBC}") = "Awesomium", "..\Awesomium\Awesomium.csproj", "{05DF084E-C53E-4D58-B14A-CE3DC7734A52}"
EndProject
Global
	GlobalSection(SolutionConfigurationPlatforms) = preSolution
		Debug|Any CPU = Debug|Any CPU
		Debug|Mixed Platforms = Debug|Mixed Platforms
		Debug|x86 = Debug|x86
		DebugILMerge|Any CPU = DebugILMerge|Any CPU
		DebugILMerge|Mixed Platforms = DebugILMerge|Mixed Platforms
		DebugILMerge|x86 = DebugILMerge|x86
		Release|Any CPU = Release|Any CPU
		Release|Mixed Platforms = Release|Mixed Platforms
		Release|x86 = Release|x86
		ReleaseILMerge|Any CPU = ReleaseILMerge|Any CPU
		ReleaseILMerge|Mixed Platforms = ReleaseILMerge|Mixed Platforms
		ReleaseILMerge|x86 = ReleaseILMerge|x86
	EndGlobalSection
	GlobalSection(ProjectConfigurationPlatforms) = postSolution
		{3BA2DE1D-79F4-418A-A15B-49DCB7326B06}.Debug|Any CPU.ActiveCfg = Debug|x86
		{3BA2DE1D-79F4-418A-A15B-49DCB7326B06}.Debug|Mixed Platforms.ActiveCfg = Debug|x86
		{3BA2DE1D-79F4-418A-A15B-49DCB7326B06}.Debug|Mixed Platforms.Build.0 = Debug|x86
		{3BA2DE1D-79F4-418A-A15B-49DCB7326B06}.Debug|x86.ActiveCfg = Debug|x86
		{3BA2DE1D-79F4-418A-A15B-49DCB7326B06}.Debug|x86.Build.0 = Debug|x86
		{3BA2DE1D-79F4-418A-A15B-49DCB7326B06}.DebugILMerge|Any CPU.ActiveCfg = Debug|x86
		{3BA2DE1D-79F4-418A-A15B-49DCB7326B06}.DebugILMerge|Mixed Platforms.ActiveCfg = Debug|x86
		{3BA2DE1D-79F4-418A-A15B-49DCB7326B06}.DebugILMerge|Mixed Platforms.Build.0 = Debug|x86
		{3BA2DE1D-79F4-418A-A15B-49DCB7326B06}.DebugILMerge|x86.ActiveCfg = Debug|x86
		{3BA2DE1D-79F4-418A-A15B-49DCB7326B06}.DebugILMerge|x86.Build.0 = Debug|x86
		{3BA2DE1D-79F4-418A-A15B-49DCB7326B06}.Release|Any CPU.ActiveCfg = Release|x86
		{3BA2DE1D-79F4-418A-A15B-49DCB7326B06}.Release|Mixed Platforms.ActiveCfg = Release|x86
		{3BA2DE1D-79F4-418A-A15B-49DCB7326B06}.Release|Mixed Platforms.Build.0 = Release|x86
		{3BA2DE1D-79F4-418A-A15B-49DCB7326B06}.Release|x86.ActiveCfg = Release|x86
		{3BA2DE1D-79F4-418A-A15B-49DCB7326B06}.Release|x86.Build.0 = Release|x86
		{3BA2DE1D-79F4-418A-A15B-49DCB7326B06}.ReleaseILMerge|Any CPU.ActiveCfg = Release|x86
		{3BA2DE1D-79F4-418A-A15B-49DCB7326B06}.ReleaseILMerge|Mixed Platforms.ActiveCfg = Release|x86
		{3BA2DE1D-79F4-418A-A15B-49DCB7326B06}.ReleaseILMerge|Mixed Platforms.Build.0 = Release|x86
		{3BA2DE1D-79F4-418A-A15B-49DCB7326B06}.ReleaseILMerge|x86.ActiveCfg = Release|x86
		{3BA2DE1D-79F4-418A-A15B-49DCB7326B06}.ReleaseILMerge|x86.Build.0 = Release|x86
		{352C9BC1-F74C-4741-A09D-7227BC60C057}.Debug|Any CPU.ActiveCfg = Debug|Any CPU
		{352C9BC1-F74C-4741-A09D-7227BC60C057}.Debug|Any CPU.Build.0 = Debug|Any CPU
		{352C9BC1-F74C-4741-A09D-7227BC60C057}.Debug|Mixed Platforms.ActiveCfg = Debug|Any CPU
		{352C9BC1-F74C-4741-A09D-7227BC60C057}.Debug|Mixed Platforms.Build.0 = Debug|Any CPU
		{352C9BC1-F74C-4741-A09D-7227BC60C057}.Debug|x86.ActiveCfg = Debug|Any CPU
		{352C9BC1-F74C-4741-A09D-7227BC60C057}.DebugILMerge|Any CPU.ActiveCfg = DebugILMerge|Any CPU
		{352C9BC1-F74C-4741-A09D-7227BC60C057}.DebugILMerge|Any CPU.Build.0 = DebugILMerge|Any CPU
		{352C9BC1-F74C-4741-A09D-7227BC60C057}.DebugILMerge|Mixed Platforms.ActiveCfg = DebugILMerge|Any CPU
		{352C9BC1-F74C-4741-A09D-7227BC60C057}.DebugILMerge|Mixed Platforms.Build.0 = DebugILMerge|Any CPU
		{352C9BC1-F74C-4741-A09D-7227BC60C057}.DebugILMerge|x86.ActiveCfg = DebugILMerge|Any CPU
		{352C9BC1-F74C-4741-A09D-7227BC60C057}.Release|Any CPU.ActiveCfg = Release|Any CPU
		{352C9BC1-F74C-4741-A09D-7227BC60C057}.Release|Any CPU.Build.0 = Release|Any CPU
		{352C9BC1-F74C-4741-A09D-7227BC60C057}.Release|Mixed Platforms.ActiveCfg = Release|Any CPU
		{352C9BC1-F74C-4741-A09D-7227BC60C057}.Release|Mixed Platforms.Build.0 = Release|Any CPU
		{352C9BC1-F74C-4741-A09D-7227BC60C057}.Release|x86.ActiveCfg = Release|Any CPU
		{352C9BC1-F74C-4741-A09D-7227BC60C057}.ReleaseILMerge|Any CPU.ActiveCfg = ReleaseILMerge|Any CPU
		{352C9BC1-F74C-4741-A09D-7227BC60C057}.ReleaseILMerge|Any CPU.Build.0 = ReleaseILMerge|Any CPU
		{352C9BC1-F74C-4741-A09D-7227BC60C057}.ReleaseILMerge|Mixed Platforms.ActiveCfg = ReleaseILMerge|Any CPU
		{352C9BC1-F74C-4741-A09D-7227BC60C057}.ReleaseILMerge|Mixed Platforms.Build.0 = ReleaseILMerge|Any CPU
		{352C9BC1-F74C-4741-A09D-7227BC60C057}.ReleaseILMerge|x86.ActiveCfg = ReleaseILMerge|Any CPU
		{3A64602B-C5E0-4CB7-99B0-1FC6ABB4449A}.Debug|Any CPU.ActiveCfg = Debug|Any CPU
		{3A64602B-C5E0-4CB7-99B0-1FC6ABB4449A}.Debug|Any CPU.Build.0 = Debug|Any CPU
		{3A64602B-C5E0-4CB7-99B0-1FC6ABB4449A}.Debug|Mixed Platforms.ActiveCfg = Debug|Any CPU
		{3A64602B-C5E0-4CB7-99B0-1FC6ABB4449A}.Debug|Mixed Platforms.Build.0 = Debug|Any CPU
		{3A64602B-C5E0-4CB7-99B0-1FC6ABB4449A}.Debug|x86.ActiveCfg = Debug|Any CPU
		{3A64602B-C5E0-4CB7-99B0-1FC6ABB4449A}.DebugILMerge|Any CPU.ActiveCfg = Debug|Any CPU
		{3A64602B-C5E0-4CB7-99B0-1FC6ABB4449A}.DebugILMerge|Any CPU.Build.0 = Debug|Any CPU
		{3A64602B-C5E0-4CB7-99B0-1FC6ABB4449A}.DebugILMerge|Mixed Platforms.ActiveCfg = Debug|Any CPU
		{3A64602B-C5E0-4CB7-99B0-1FC6ABB4449A}.DebugILMerge|Mixed Platforms.Build.0 = Debug|Any CPU
		{3A64602B-C5E0-4CB7-99B0-1FC6ABB4449A}.DebugILMerge|x86.ActiveCfg = Debug|Any CPU
		{3A64602B-C5E0-4CB7-99B0-1FC6ABB4449A}.Release|Any CPU.ActiveCfg = Release|Any CPU
		{3A64602B-C5E0-4CB7-99B0-1FC6ABB4449A}.Release|Any CPU.Build.0 = Release|Any CPU
		{3A64602B-C5E0-4CB7-99B0-1FC6ABB4449A}.Release|Mixed Platforms.ActiveCfg = Release|Any CPU
		{3A64602B-C5E0-4CB7-99B0-1FC6ABB4449A}.Release|Mixed Platforms.Build.0 = Release|Any CPU
		{3A64602B-C5E0-4CB7-99B0-1FC6ABB4449A}.Release|x86.ActiveCfg = Release|Any CPU
		{3A64602B-C5E0-4CB7-99B0-1FC6ABB4449A}.ReleaseILMerge|Any CPU.ActiveCfg = Release|Any CPU
		{3A64602B-C5E0-4CB7-99B0-1FC6ABB4449A}.ReleaseILMerge|Any CPU.Build.0 = Release|Any CPU
		{3A64602B-C5E0-4CB7-99B0-1FC6ABB4449A}.ReleaseILMerge|Mixed Platforms.ActiveCfg = Release|Any CPU
		{3A64602B-C5E0-4CB7-99B0-1FC6ABB4449A}.ReleaseILMerge|Mixed Platforms.Build.0 = Release|Any CPU
		{3A64602B-C5E0-4CB7-99B0-1FC6ABB4449A}.ReleaseILMerge|x86.ActiveCfg = Release|Any CPU
		{0207A18A-6BC1-490B-B010-7A3DA3178890}.Debug|Any CPU.ActiveCfg = Debug|Any CPU
		{0207A18A-6BC1-490B-B010-7A3DA3178890}.Debug|Any CPU.Build.0 = Debug|Any CPU
		{0207A18A-6BC1-490B-B010-7A3DA3178890}.Debug|Mixed Platforms.ActiveCfg = Debug|Any CPU
		{0207A18A-6BC1-490B-B010-7A3DA3178890}.Debug|Mixed Platforms.Build.0 = Debug|Any CPU
		{0207A18A-6BC1-490B-B010-7A3DA3178890}.Debug|x86.ActiveCfg = Debug|Any CPU
		{0207A18A-6BC1-490B-B010-7A3DA3178890}.DebugILMerge|Any CPU.ActiveCfg = Debug|Any CPU
		{0207A18A-6BC1-490B-B010-7A3DA3178890}.DebugILMerge|Any CPU.Build.0 = Debug|Any CPU
		{0207A18A-6BC1-490B-B010-7A3DA3178890}.DebugILMerge|Mixed Platforms.ActiveCfg = Debug|Any CPU
		{0207A18A-6BC1-490B-B010-7A3DA3178890}.DebugILMerge|Mixed Platforms.Build.0 = Debug|Any CPU
		{0207A18A-6BC1-490B-B010-7A3DA3178890}.DebugILMerge|x86.ActiveCfg = Debug|Any CPU
		{0207A18A-6BC1-490B-B010-7A3DA3178890}.Release|Any CPU.ActiveCfg = Release|Any CPU
		{0207A18A-6BC1-490B-B010-7A3DA3178890}.Release|Any CPU.Build.0 = Release|Any CPU
		{0207A18A-6BC1-490B-B010-7A3DA3178890}.Release|Mixed Platforms.ActiveCfg = Release|Any CPU
		{0207A18A-6BC1-490B-B010-7A3DA3178890}.Release|Mixed Platforms.Build.0 = Release|Any CPU
		{0207A18A-6BC1-490B-B010-7A3DA3178890}.Release|x86.ActiveCfg = Release|Any CPU
		{0207A18A-6BC1-490B-B010-7A3DA3178890}.ReleaseILMerge|Any CPU.ActiveCfg = Release|Any CPU
		{0207A18A-6BC1-490B-B010-7A3DA3178890}.ReleaseILMerge|Any CPU.Build.0 = Release|Any CPU
		{0207A18A-6BC1-490B-B010-7A3DA3178890}.ReleaseILMerge|Mixed Platforms.ActiveCfg = Release|Any CPU
		{0207A18A-6BC1-490B-B010-7A3DA3178890}.ReleaseILMerge|Mixed Platforms.Build.0 = Release|Any CPU
		{0207A18A-6BC1-490B-B010-7A3DA3178890}.ReleaseILMerge|x86.ActiveCfg = Release|Any CPU
		{F718E9A8-DB62-4785-8C49-4333A60D256A}.Debug|Any CPU.ActiveCfg = Debug|Any CPU
		{F718E9A8-DB62-4785-8C49-4333A60D256A}.Debug|Any CPU.Build.0 = Debug|Any CPU
		{F718E9A8-DB62-4785-8C49-4333A60D256A}.Debug|Mixed Platforms.ActiveCfg = Debug|x86
		{F718E9A8-DB62-4785-8C49-4333A60D256A}.Debug|Mixed Platforms.Build.0 = Debug|x86
		{F718E9A8-DB62-4785-8C49-4333A60D256A}.Debug|x86.ActiveCfg = Debug|x86
		{F718E9A8-DB62-4785-8C49-4333A60D256A}.Debug|x86.Build.0 = Debug|x86
		{F718E9A8-DB62-4785-8C49-4333A60D256A}.DebugILMerge|Any CPU.ActiveCfg = Debug|x86
		{F718E9A8-DB62-4785-8C49-4333A60D256A}.DebugILMerge|Mixed Platforms.ActiveCfg = Debug|x86
		{F718E9A8-DB62-4785-8C49-4333A60D256A}.DebugILMerge|Mixed Platforms.Build.0 = Debug|x86
		{F718E9A8-DB62-4785-8C49-4333A60D256A}.DebugILMerge|x86.ActiveCfg = Debug|x86
		{F718E9A8-DB62-4785-8C49-4333A60D256A}.DebugILMerge|x86.Build.0 = Debug|x86
		{F718E9A8-DB62-4785-8C49-4333A60D256A}.Release|Any CPU.ActiveCfg = Release|Any CPU
		{F718E9A8-DB62-4785-8C49-4333A60D256A}.Release|Any CPU.Build.0 = Release|Any CPU
		{F718E9A8-DB62-4785-8C49-4333A60D256A}.Release|Mixed Platforms.ActiveCfg = Release|x86
		{F718E9A8-DB62-4785-8C49-4333A60D256A}.Release|Mixed Platforms.Build.0 = Release|x86
		{F718E9A8-DB62-4785-8C49-4333A60D256A}.Release|x86.ActiveCfg = Release|x86
		{F718E9A8-DB62-4785-8C49-4333A60D256A}.Release|x86.Build.0 = Release|x86
		{F718E9A8-DB62-4785-8C49-4333A60D256A}.ReleaseILMerge|Any CPU.ActiveCfg = Release|x86
		{F718E9A8-DB62-4785-8C49-4333A60D256A}.ReleaseILMerge|Mixed Platforms.ActiveCfg = Release|x86
		{F718E9A8-DB62-4785-8C49-4333A60D256A}.ReleaseILMerge|Mixed Platforms.Build.0 = Release|x86
		{F718E9A8-DB62-4785-8C49-4333A60D256A}.ReleaseILMerge|x86.ActiveCfg = Release|x86
		{F718E9A8-DB62-4785-8C49-4333A60D256A}.ReleaseILMerge|x86.Build.0 = Release|x86
		{FD8101DD-C95D-42D6-AD44-AE01C25F2811}.Debug|Any CPU.ActiveCfg = Debug|Any CPU
		{FD8101DD-C95D-42D6-AD44-AE01C25F2811}.Debug|Any CPU.Build.0 = Debug|Any CPU
		{FD8101DD-C95D-42D6-AD44-AE01C25F2811}.Debug|Mixed Platforms.ActiveCfg = Debug|x86
		{FD8101DD-C95D-42D6-AD44-AE01C25F2811}.Debug|Mixed Platforms.Build.0 = Debug|x86
		{FD8101DD-C95D-42D6-AD44-AE01C25F2811}.Debug|x86.ActiveCfg = Debug|x86
		{FD8101DD-C95D-42D6-AD44-AE01C25F2811}.Debug|x86.Build.0 = Debug|x86
		{FD8101DD-C95D-42D6-AD44-AE01C25F2811}.DebugILMerge|Any CPU.ActiveCfg = Debug|x86
		{FD8101DD-C95D-42D6-AD44-AE01C25F2811}.DebugILMerge|Mixed Platforms.ActiveCfg = Debug|x86
		{FD8101DD-C95D-42D6-AD44-AE01C25F2811}.DebugILMerge|Mixed Platforms.Build.0 = Debug|x86
		{FD8101DD-C95D-42D6-AD44-AE01C25F2811}.DebugILMerge|x86.ActiveCfg = Debug|x86
		{FD8101DD-C95D-42D6-AD44-AE01C25F2811}.DebugILMerge|x86.Build.0 = Debug|x86
		{FD8101DD-C95D-42D6-AD44-AE01C25F2811}.Release|Any CPU.ActiveCfg = Release|Any CPU
		{FD8101DD-C95D-42D6-AD44-AE01C25F2811}.Release|Any CPU.Build.0 = Release|Any CPU
		{FD8101DD-C95D-42D6-AD44-AE01C25F2811}.Release|Mixed Platforms.ActiveCfg = Release|x86
		{FD8101DD-C95D-42D6-AD44-AE01C25F2811}.Release|Mixed Platforms.Build.0 = Release|x86
		{FD8101DD-C95D-42D6-AD44-AE01C25F2811}.Release|x86.ActiveCfg = Release|x86
		{FD8101DD-C95D-42D6-AD44-AE01C25F2811}.Release|x86.Build.0 = Release|x86
		{FD8101DD-C95D-42D6-AD44-AE01C25F2811}.ReleaseILMerge|Any CPU.ActiveCfg = Release|x86
		{FD8101DD-C95D-42D6-AD44-AE01C25F2811}.ReleaseILMerge|Mixed Platforms.ActiveCfg = Release|x86
		{FD8101DD-C95D-42D6-AD44-AE01C25F2811}.ReleaseILMerge|Mixed Platforms.Build.0 = Release|x86
		{FD8101DD-C95D-42D6-AD44-AE01C25F2811}.ReleaseILMerge|x86.ActiveCfg = Release|x86
		{FD8101DD-C95D-42D6-AD44-AE01C25F2811}.ReleaseILMerge|x86.Build.0 = Release|x86
		{05DF084E-C53E-4D58-B14A-CE3DC7734A52}.Debug|Any CPU.ActiveCfg = Debug|x86
		{05DF084E-C53E-4D58-B14A-CE3DC7734A52}.Debug|Mixed Platforms.ActiveCfg = Debug|x86
		{05DF084E-C53E-4D58-B14A-CE3DC7734A52}.Debug|Mixed Platforms.Build.0 = Debug|x86
		{05DF084E-C53E-4D58-B14A-CE3DC7734A52}.Debug|x86.ActiveCfg = Debug|x86
		{05DF084E-C53E-4D58-B14A-CE3DC7734A52}.Debug|x86.Build.0 = Debug|x86
		{05DF084E-C53E-4D58-B14A-CE3DC7734A52}.DebugILMerge|Any CPU.ActiveCfg = Debug|x86
		{05DF084E-C53E-4D58-B14A-CE3DC7734A52}.DebugILMerge|Mixed Platforms.ActiveCfg = Debug|x86
		{05DF084E-C53E-4D58-B14A-CE3DC7734A52}.DebugILMerge|Mixed Platforms.Build.0 = Debug|x86
		{05DF084E-C53E-4D58-B14A-CE3DC7734A52}.DebugILMerge|x86.ActiveCfg = Debug|x86
		{05DF084E-C53E-4D58-B14A-CE3DC7734A52}.DebugILMerge|x86.Build.0 = Debug|x86
		{05DF084E-C53E-4D58-B14A-CE3DC7734A52}.Release|Any CPU.ActiveCfg = Release|x86
		{05DF084E-C53E-4D58-B14A-CE3DC7734A52}.Release|Mixed Platforms.ActiveCfg = Release|x86
		{05DF084E-C53E-4D58-B14A-CE3DC7734A52}.Release|Mixed Platforms.Build.0 = Release|x86
		{05DF084E-C53E-4D58-B14A-CE3DC7734A52}.Release|x86.ActiveCfg = Release|x86
		{05DF084E-C53E-4D58-B14A-CE3DC7734A52}.Release|x86.Build.0 = Release|x86
		{05DF084E-C53E-4D58-B14A-CE3DC7734A52}.ReleaseILMerge|Any CPU.ActiveCfg = Release|x86
		{05DF084E-C53E-4D58-B14A-CE3DC7734A52}.ReleaseILMerge|Mixed Platforms.ActiveCfg = Release|x86
		{05DF084E-C53E-4D58-B14A-CE3DC7734A52}.ReleaseILMerge|Mixed Platforms.Build.0 = Release|x86
		{05DF084E-C53E-4D58-B14A-CE3DC7734A52}.ReleaseILMerge|x86.ActiveCfg = Release|x86
		{05DF084E-C53E-4D58-B14A-CE3DC7734A52}.ReleaseILMerge|x86.Build.0 = Release|x86
	EndGlobalSection
	GlobalSection(SolutionProperties) = preSolution
		HideSolutionNode = FALSE
	EndGlobalSection
EndGlobal
